
Microsoft Visual Studio Solution File, Format Version 12.00
# Visual Studio Version 16
VisualStudioVersion = 16.0.32929.386
MinimumVisualStudioVersion = 10.0.40219.1
Project("{FAE04EC0-301F-11D3-BF4B-00C04F79EFBC}") = "Joc de Carti Final", "Joc de Carti Final.csproj", "{D1E335B9-40C7-4EDF-8E5A-508BB8E82C02}"
EndProject
Global
	GlobalSection(SolutionConfigurationPlatforms) = preSolution
		Debug|Any CPU = Debug|Any CPU
		Release|Any CPU = Release|Any CPU
	EndGlobalSection
	GlobalSection(ProjectConfigurationPlatforms) = postSolution
		{D1E335B9-40C7-4EDF-8E5A-508BB8E82C02}.Debug|Any CPU.ActiveCfg = Debug|Any CPU
		{D1E335B9-40C7-4EDF-8E5A-508BB8E82C02}.Debug|Any CPU.Build.0 = Debug|Any CPU
		{D1E335B9-40C7-4EDF-8E5A-508BB8E82C02}.Release|Any CPU.ActiveCfg = Release|Any CPU
		{D1E335B9-40C7-4EDF-8E5A-508BB8E82C02}.Release|Any CPU.Build.0 = Release|Any CPU
	EndGlobalSection
	GlobalSection(SolutionProperties) = preSolution
		HideSolutionNode = FALSE
	EndGlobalSection
	GlobalSection(ExtensibilityGlobals) = postSolution
		SolutionGuid = {8AB575EC-208F-4D62-AF8A-92E6667AF7B6}
	EndGlobalSection
EndGlobal
